
Microsoft Visual Studio Solution File, Format Version 12.00
# Visual Studio Version 17
VisualStudioVersion = 17.3.32922.545
MinimumVisualStudioVersion = 10.0.40219.1
Project("{8BC9CEB8-8B4A-11D0-8D11-00A0C91BC942}") = "Task1.1", "C++ Exercises 1\C++ Exercises 1.vcxproj", "{77A63A25-82FC-441E-A389-1EB02FFFE3ED}"
EndProject
Project("{8BC9CEB8-8B4A-11D0-8D11-00A0C91BC942}") = "Test1.1", "Test1.1\Test1.1.vcxproj", "{307F0AE9-C67C-447D-838C-DA4B4634EE23}"
EndProject
Project("{8BC9CEB8-8B4A-11D0-8D11-00A0C91BC942}") = "Test1.2", "Test1.2\Test1.2.vcxproj", "{3684128B-B656-4AFD-9BE9-BA7E0EC87730}"
EndProject
Project("{8BC9CEB8-8B4A-11D0-8D11-00A0C91BC942}") = "Task2.1", "Task2.1\Task2.1.vcxproj", "{23656E4E-D04F-4827-BBA9-14BB1063E191}"
EndProject
Project("{8BC9CEB8-8B4A-11D0-8D11-00A0C91BC942}") = "Task1.2", "Task1.2\Task1.2.vcxproj", "{D7FAD9B3-D1CB-4974-AD50-AAF484376A34}"
EndProject
Project("{8BC9CEB8-8B4A-11D0-8D11-00A0C91BC942}") = "Task1.3", "Task1.3\Task1.3.vcxproj", "{499A012C-0C8D-498C-99ED-D920879DC40A}"
EndProject
Project("{8BC9CEB8-8B4A-11D0-8D11-00A0C91BC942}") = "Task2.2", "Task2.2\Task2.2.vcxproj", "{986E6092-86B1-449E-B3BC-D11F7C5B3AED}"
EndProject
Project("{8BC9CEB8-8B4A-11D0-8D11-00A0C91BC942}") = "Task2.3", "Task2.3\Task2.3.vcxproj", "{CE24625E-8260-4DF6-84D3-66B987C3DABE}"
EndProject
Project("{8BC9CEB8-8B4A-11D0-8D11-00A0C91BC942}") = "Task3.1", "Task3.1\Task3.1.vcxproj", "{ADE69B8B-C7DC-4E00-8FEC-43BE6FDBB07B}"
EndProject
Project("{8BC9CEB8-8B4A-11D0-8D11-00A0C91BC942}") = "Task3.2", "Task3.2\Task3.2.vcxproj", "{A79285B3-E0DF-473A-B24C-6560064E3100}"
EndProject
Project("{8BC9CEB8-8B4A-11D0-8D11-00A0C91BC942}") = "Task3.3", "Task3.3\Task3.3.vcxproj", "{81838F20-3550-4D73-B2B8-1B6ED6641605}"
EndProject
Project("{8BC9CEB8-8B4A-11D0-8D11-00A0C91BC942}") = "Task4.1", "Task4.1\Task4.1.vcxproj", "{1FA9EB05-EB02-4FC4-928A-56646719307A}"
EndProject
Project("{8BC9CEB8-8B4A-11D0-8D11-00A0C91BC942}") = "Task4.2", "Task4.2\Task4.2.vcxproj", "{14224A87-9DF8-45C1-B8DE-344FBF975DB3}"
EndProject
Project("{8BC9CEB8-8B4A-11D0-8D11-00A0C91BC942}") = "Task4.3", "Task4.3\Task4.3.vcxproj", "{40D81CB4-26E7-45EF-A035-9D7DD9984BBC}"
EndProject
Project("{8BC9CEB8-8B4A-11D0-8D11-00A0C91BC942}") = "Task4.4", "Task4.4\Task4.4.vcxproj", "{35E089BA-F72F-40BE-BC17-F60912247910}"
EndProject
Project("{8BC9CEB8-8B4A-11D0-8D11-00A0C91BC942}") = "Task5.1", "Task5.1\Task5.1.vcxproj", "{F2EB9287-F8CA-4F6D-B0AC-AB0C0DD8C3D4}"
EndProject
Project("{8BC9CEB8-8B4A-11D0-8D11-00A0C91BC942}") = "Task5.2", "Task5.2\Task5.2.vcxproj", "{CF40C319-A61F-48A4-AD95-C94FF8B100B2}"
EndProject
Project("{8BC9CEB8-8B4A-11D0-8D11-00A0C91BC942}") = "Task5.3", "Task5.3\Task5.3.vcxproj", "{2DA8A507-7801-4D3E-B4A6-5A3B8EDB9F54}"
EndProject
Project("{8BC9CEB8-8B4A-11D0-8D11-00A0C91BC942}") = "Task5.4", "Task5.4\Task5.4.vcxproj", "{08B78D41-0FEC-4B1E-82BA-1B0590FB472A}"
EndProject
Project("{8BC9CEB8-8B4A-11D0-8D11-00A0C91BC942}") = "Task6.1", "Task6.1\Task6.1.vcxproj", "{DBDE961A-62E4-4EE9-A691-FE40620F8063}"
EndProject
Project("{8BC9CEB8-8B4A-11D0-8D11-00A0C91BC942}") = "Task6.2", "Task6.2\Task6.2.vcxproj", "{F3F42D50-606C-4188-951D-B4CD54626516}"
EndProject
Project("{8BC9CEB8-8B4A-11D0-8D11-00A0C91BC942}") = "Task6.3", "Task6.3\Task6.3.vcxproj", "{9C433E56-500D-4606-8A5F-81999231A4B1}"
EndProject
Project("{8BC9CEB8-8B4A-11D0-8D11-00A0C91BC942}") = "Task7.1", "Task7.1\Task7.1.vcxproj", "{2FE768D3-E579-48EE-8EE6-56A3C0DA71AC}"
EndProject
Project("{8BC9CEB8-8B4A-11D0-8D11-00A0C91BC942}") = "Task7.2", "Task7.2\Task7.2.vcxproj", "{3178D48C-CD44-47A8-8135-2666886E1A43}"
EndProject
Project("{8BC9CEB8-8B4A-11D0-8D11-00A0C91BC942}") = "Task7.3", "Task7.3\Task7.3.vcxproj", "{792998BA-113D-4229-A5FA-1501C8D075CB}"
EndProject
Project("{8BC9CEB8-8B4A-11D0-8D11-00A0C91BC942}") = "Test3.1", "Test3.1\Test3.1.vcxproj", "{035C1CDB-ECD8-4596-9C8F-2CCAE0B32805}"
EndProject
Project("{8BC9CEB8-8B4A-11D0-8D11-00A0C91BC942}") = "Test3.2", "Test3.2\Test3.2.vcxproj", "{E4F35C18-EC23-43B3-B475-D24F65BD3B7D}"
EndProject
Global
	GlobalSection(SolutionConfigurationPlatforms) = preSolution
		Debug|x64 = Debug|x64
		Debug|x86 = Debug|x86
		Release|x64 = Release|x64
		Release|x86 = Release|x86
	EndGlobalSection
	GlobalSection(ProjectConfigurationPlatforms) = postSolution
		{77A63A25-82FC-441E-A389-1EB02FFFE3ED}.Debug|x64.ActiveCfg = Debug|x64
		{77A63A25-82FC-441E-A389-1EB02FFFE3ED}.Debug|x64.Build.0 = Debug|x64
		{77A63A25-82FC-441E-A389-1EB02FFFE3ED}.Debug|x86.ActiveCfg = Debug|Win32
		{77A63A25-82FC-441E-A389-1EB02FFFE3ED}.Debug|x86.Build.0 = Debug|Win32
		{77A63A25-82FC-441E-A389-1EB02FFFE3ED}.Release|x64.ActiveCfg = Release|x64
		{77A63A25-82FC-441E-A389-1EB02FFFE3ED}.Release|x64.Build.0 = Release|x64
		{77A63A25-82FC-441E-A389-1EB02FFFE3ED}.Release|x86.ActiveCfg = Release|Win32
		{77A63A25-82FC-441E-A389-1EB02FFFE3ED}.Release|x86.Build.0 = Release|Win32
		{307F0AE9-C67C-447D-838C-DA4B4634EE23}.Debug|x64.ActiveCfg = Debug|x64
		{307F0AE9-C67C-447D-838C-DA4B4634EE23}.Debug|x64.Build.0 = Debug|x64
		{307F0AE9-C67C-447D-838C-DA4B4634EE23}.Debug|x86.ActiveCfg = Debug|Win32
		{307F0AE9-C67C-447D-838C-DA4B4634EE23}.Debug|x86.Build.0 = Debug|Win32
		{307F0AE9-C67C-447D-838C-DA4B4634EE23}.Release|x64.ActiveCfg = Release|x64
		{307F0AE9-C67C-447D-838C-DA4B4634EE23}.Release|x64.Build.0 = Release|x64
		{307F0AE9-C67C-447D-838C-DA4B4634EE23}.Release|x86.ActiveCfg = Release|Win32
		{307F0AE9-C67C-447D-838C-DA4B4634EE23}.Release|x86.Build.0 = Release|Win32
		{3684128B-B656-4AFD-9BE9-BA7E0EC87730}.Debug|x64.ActiveCfg = Debug|x64
		{3684128B-B656-4AFD-9BE9-BA7E0EC87730}.Debug|x64.Build.0 = Debug|x64
		{3684128B-B656-4AFD-9BE9-BA7E0EC87730}.Debug|x86.ActiveCfg = Debug|Win32
		{3684128B-B656-4AFD-9BE9-BA7E0EC87730}.Debug|x86.Build.0 = Debug|Win32
		{3684128B-B656-4AFD-9BE9-BA7E0EC87730}.Release|x64.ActiveCfg = Release|x64
		{3684128B-B656-4AFD-9BE9-BA7E0EC87730}.Release|x64.Build.0 = Release|x64
		{3684128B-B656-4AFD-9BE9-BA7E0EC87730}.Release|x86.ActiveCfg = Release|Win32
		{3684128B-B656-4AFD-9BE9-BA7E0EC87730}.Release|x86.Build.0 = Release|Win32
		{23656E4E-D04F-4827-BBA9-14BB1063E191}.Debug|x64.ActiveCfg = Debug|x64
		{23656E4E-D04F-4827-BBA9-14BB1063E191}.Debug|x64.Build.0 = Debug|x64
		{23656E4E-D04F-4827-BBA9-14BB1063E191}.Debug|x86.ActiveCfg = Debug|Win32
		{23656E4E-D04F-4827-BBA9-14BB1063E191}.Debug|x86.Build.0 = Debug|Win32
		{23656E4E-D04F-4827-BBA9-14BB1063E191}.Release|x64.ActiveCfg = Release|x64
		{23656E4E-D04F-4827-BBA9-14BB1063E191}.Release|x64.Build.0 = Release|x64
		{23656E4E-D04F-4827-BBA9-14BB1063E191}.Release|x86.ActiveCfg = Release|Win32
		{23656E4E-D04F-4827-BBA9-14BB1063E191}.Release|x86.Build.0 = Release|Win32
		{D7FAD9B3-D1CB-4974-AD50-AAF484376A34}.Debug|x64.ActiveCfg = Debug|x64
		{D7FAD9B3-D1CB-4974-AD50-AAF484376A34}.Debug|x64.Build.0 = Debug|x64
		{D7FAD9B3-D1CB-4974-AD50-AAF484376A34}.Debug|x86.ActiveCfg = Debug|Win32
		{D7FAD9B3-D1CB-4974-AD50-AAF484376A34}.Debug|x86.Build.0 = Debug|Win32
		{D7FAD9B3-D1CB-4974-AD50-AAF484376A34}.Release|x64.ActiveCfg = Release|x64
		{D7FAD9B3-D1CB-4974-AD50-AAF484376A34}.Release|x64.Build.0 = Release|x64
		{D7FAD9B3-D1CB-4974-AD50-AAF484376A34}.Release|x86.ActiveCfg = Release|Win32
		{D7FAD9B3-D1CB-4974-AD50-AAF484376A34}.Release|x86.Build.0 = Release|Win32
		{499A012C-0C8D-498C-99ED-D920879DC40A}.Debug|x64.ActiveCfg = Debug|x64
		{499A012C-0C8D-498C-99ED-D920879DC40A}.Debug|x64.Build.0 = Debug|x64
		{499A012C-0C8D-498C-99ED-D920879DC40A}.Debug|x86.ActiveCfg = Debug|Win32
		{499A012C-0C8D-498C-99ED-D920879DC40A}.Debug|x86.Build.0 = Debug|Win32
		{499A012C-0C8D-498C-99ED-D920879DC40A}.Release|x64.ActiveCfg = Release|x64
		{499A012C-0C8D-498C-99ED-D920879DC40A}.Release|x64.Build.0 = Release|x64
		{499A012C-0C8D-498C-99ED-D920879DC40A}.Release|x86.ActiveCfg = Release|Win32
		{499A012C-0C8D-498C-99ED-D920879DC40A}.Release|x86.Build.0 = Release|Win32
		{986E6092-86B1-449E-B3BC-D11F7C5B3AED}.Debug|x64.ActiveCfg = Debug|x64
		{986E6092-86B1-449E-B3BC-D11F7C5B3AED}.Debug|x64.Build.0 = Debug|x64
		{986E6092-86B1-449E-B3BC-D11F7C5B3AED}.Debug|x86.ActiveCfg = Debug|Win32
		{986E6092-86B1-449E-B3BC-D11F7C5B3AED}.Debug|x86.Build.0 = Debug|Win32
		{986E6092-86B1-449E-B3BC-D11F7C5B3AED}.Release|x64.ActiveCfg = Release|x64
		{986E6092-86B1-449E-B3BC-D11F7C5B3AED}.Release|x64.Build.0 = Release|x64
		{986E6092-86B1-449E-B3BC-D11F7C5B3AED}.Release|x86.ActiveCfg = Release|Win32
		{986E6092-86B1-449E-B3BC-D11F7C5B3AED}.Release|x86.Build.0 = Release|Win32
		{CE24625E-8260-4DF6-84D3-66B987C3DABE}.Debug|x64.ActiveCfg = Debug|x64
		{CE24625E-8260-4DF6-84D3-66B987C3DABE}.Debug|x64.Build.0 = Debug|x64
		{CE24625E-8260-4DF6-84D3-66B987C3DABE}.Debug|x86.ActiveCfg = Debug|Win32
		{CE24625E-8260-4DF6-84D3-66B987C3DABE}.Debug|x86.Build.0 = Debug|Win32
		{CE24625E-8260-4DF6-84D3-66B987C3DABE}.Release|x64.ActiveCfg = Release|x64
		{CE24625E-8260-4DF6-84D3-66B987C3DABE}.Release|x64.Build.0 = Release|x64
		{CE24625E-8260-4DF6-84D3-66B987C3DABE}.Release|x86.ActiveCfg = Release|Win32
		{CE24625E-8260-4DF6-84D3-66B987C3DABE}.Release|x86.Build.0 = Release|Win32
		{ADE69B8B-C7DC-4E00-8FEC-43BE6FDBB07B}.Debug|x64.ActiveCfg = Debug|x64
		{ADE69B8B-C7DC-4E00-8FEC-43BE6FDBB07B}.Debug|x64.Build.0 = Debug|x64
		{ADE69B8B-C7DC-4E00-8FEC-43BE6FDBB07B}.Debug|x86.ActiveCfg = Debug|Win32
		{ADE69B8B-C7DC-4E00-8FEC-43BE6FDBB07B}.Debug|x86.Build.0 = Debug|Win32
		{ADE69B8B-C7DC-4E00-8FEC-43BE6FDBB07B}.Release|x64.ActiveCfg = Release|x64
		{ADE69B8B-C7DC-4E00-8FEC-43BE6FDBB07B}.Release|x64.Build.0 = Release|x64
		{ADE69B8B-C7DC-4E00-8FEC-43BE6FDBB07B}.Release|x86.ActiveCfg = Release|Win32
		{ADE69B8B-C7DC-4E00-8FEC-43BE6FDBB07B}.Release|x86.Build.0 = Release|Win32
		{A79285B3-E0DF-473A-B24C-6560064E3100}.Debug|x64.ActiveCfg = Debug|x64
		{A79285B3-E0DF-473A-B24C-6560064E3100}.Debug|x64.Build.0 = Debug|x64
		{A79285B3-E0DF-473A-B24C-6560064E3100}.Debug|x86.ActiveCfg = Debug|Win32
		{A79285B3-E0DF-473A-B24C-6560064E3100}.Debug|x86.Build.0 = Debug|Win32
		{A79285B3-E0DF-473A-B24C-6560064E3100}.Release|x64.ActiveCfg = Release|x64
		{A79285B3-E0DF-473A-B24C-6560064E3100}.Release|x64.Build.0 = Release|x64
		{A79285B3-E0DF-473A-B24C-6560064E3100}.Release|x86.ActiveCfg = Release|Win32
		{A79285B3-E0DF-473A-B24C-6560064E3100}.Release|x86.Build.0 = Release|Win32
		{81838F20-3550-4D73-B2B8-1B6ED6641605}.Debug|x64.ActiveCfg = Debug|x64
		{81838F20-3550-4D73-B2B8-1B6ED6641605}.Debug|x64.Build.0 = Debug|x64
		{81838F20-3550-4D73-B2B8-1B6ED6641605}.Debug|x86.ActiveCfg = Debug|Win32
		{81838F20-3550-4D73-B2B8-1B6ED6641605}.Debug|x86.Build.0 = Debug|Win32
		{81838F20-3550-4D73-B2B8-1B6ED6641605}.Release|x64.ActiveCfg = Release|x64
		{81838F20-3550-4D73-B2B8-1B6ED6641605}.Release|x64.Build.0 = Release|x64
		{81838F20-3550-4D73-B2B8-1B6ED6641605}.Release|x86.ActiveCfg = Release|Win32
		{81838F20-3550-4D73-B2B8-1B6ED6641605}.Release|x86.Build.0 = Release|Win32
		{1FA9EB05-EB02-4FC4-928A-56646719307A}.Debug|x64.ActiveCfg = Debug|x64
		{1FA9EB05-EB02-4FC4-928A-56646719307A}.Debug|x64.Build.0 = Debug|x64
		{1FA9EB05-EB02-4FC4-928A-56646719307A}.Debug|x86.ActiveCfg = Debug|Win32
		{1FA9EB05-EB02-4FC4-928A-56646719307A}.Debug|x86.Build.0 = Debug|Win32
		{1FA9EB05-EB02-4FC4-928A-56646719307A}.Release|x64.ActiveCfg = Release|x64
		{1FA9EB05-EB02-4FC4-928A-56646719307A}.Release|x64.Build.0 = Release|x64
		{1FA9EB05-EB02-4FC4-928A-56646719307A}.Release|x86.ActiveCfg = Release|Win32
		{1FA9EB05-EB02-4FC4-928A-56646719307A}.Release|x86.Build.0 = Release|Win32
		{14224A87-9DF8-45C1-B8DE-344FBF975DB3}.Debug|x64.ActiveCfg = Debug|x64
		{14224A87-9DF8-45C1-B8DE-344FBF975DB3}.Debug|x64.Build.0 = Debug|x64
		{14224A87-9DF8-45C1-B8DE-344FBF975DB3}.Debug|x86.ActiveCfg = Debug|Win32
		{14224A87-9DF8-45C1-B8DE-344FBF975DB3}.Debug|x86.Build.0 = Debug|Win32
		{14224A87-9DF8-45C1-B8DE-344FBF975DB3}.Release|x64.ActiveCfg = Release|x64
		{14224A87-9DF8-45C1-B8DE-344FBF975DB3}.Release|x64.Build.0 = Release|x64
		{14224A87-9DF8-45C1-B8DE-344FBF975DB3}.Release|x86.ActiveCfg = Release|Win32
		{14224A87-9DF8-45C1-B8DE-344FBF975DB3}.Release|x86.Build.0 = Release|Win32
		{40D81CB4-26E7-45EF-A035-9D7DD9984BBC}.Debug|x64.ActiveCfg = Debug|x64
		{40D81CB4-26E7-45EF-A035-9D7DD9984BBC}.Debug|x64.Build.0 = Debug|x64
		{40D81CB4-26E7-45EF-A035-9D7DD9984BBC}.Debug|x86.ActiveCfg = Debug|Win32
		{40D81CB4-26E7-45EF-A035-9D7DD9984BBC}.Debug|x86.Build.0 = Debug|Win32
		{40D81CB4-26E7-45EF-A035-9D7DD9984BBC}.Release|x64.ActiveCfg = Release|x64
		{40D81CB4-26E7-45EF-A035-9D7DD9984BBC}.Release|x64.Build.0 = Release|x64
		{40D81CB4-26E7-45EF-A035-9D7DD9984BBC}.Release|x86.ActiveCfg = Release|Win32
		{40D81CB4-26E7-45EF-A035-9D7DD9984BBC}.Release|x86.Build.0 = Release|Win32
		{35E089BA-F72F-40BE-BC17-F60912247910}.Debug|x64.ActiveCfg = Debug|x64
		{35E089BA-F72F-40BE-BC17-F60912247910}.Debug|x64.Build.0 = Debug|x64
		{35E089BA-F72F-40BE-BC17-F60912247910}.Debug|x86.ActiveCfg = Debug|Win32
		{35E089BA-F72F-40BE-BC17-F60912247910}.Debug|x86.Build.0 = Debug|Win32
		{35E089BA-F72F-40BE-BC17-F60912247910}.Release|x64.ActiveCfg = Release|x64
		{35E089BA-F72F-40BE-BC17-F60912247910}.Release|x64.Build.0 = Release|x64
		{35E089BA-F72F-40BE-BC17-F60912247910}.Release|x86.ActiveCfg = Release|Win32
		{35E089BA-F72F-40BE-BC17-F60912247910}.Release|x86.Build.0 = Release|Win32
		{F2EB9287-F8CA-4F6D-B0AC-AB0C0DD8C3D4}.Debug|x64.ActiveCfg = Debug|x64
		{F2EB9287-F8CA-4F6D-B0AC-AB0C0DD8C3D4}.Debug|x64.Build.0 = Debug|x64
		{F2EB9287-F8CA-4F6D-B0AC-AB0C0DD8C3D4}.Debug|x86.ActiveCfg = Debug|Win32
		{F2EB9287-F8CA-4F6D-B0AC-AB0C0DD8C3D4}.Debug|x86.Build.0 = Debug|Win32
		{F2EB9287-F8CA-4F6D-B0AC-AB0C0DD8C3D4}.Release|x64.ActiveCfg = Release|x64
		{F2EB9287-F8CA-4F6D-B0AC-AB0C0DD8C3D4}.Release|x64.Build.0 = Release|x64
		{F2EB9287-F8CA-4F6D-B0AC-AB0C0DD8C3D4}.Release|x86.ActiveCfg = Release|Win32
		{F2EB9287-F8CA-4F6D-B0AC-AB0C0DD8C3D4}.Release|x86.Build.0 = Release|Win32
		{CF40C319-A61F-48A4-AD95-C94FF8B100B2}.Debug|x64.ActiveCfg = Debug|x64
		{CF40C319-A61F-48A4-AD95-C94FF8B100B2}.Debug|x64.Build.0 = Debug|x64
		{CF40C319-A61F-48A4-AD95-C94FF8B100B2}.Debug|x86.ActiveCfg = Debug|Win32
		{CF40C319-A61F-48A4-AD95-C94FF8B100B2}.Debug|x86.Build.0 = Debug|Win32
		{CF40C319-A61F-48A4-AD95-C94FF8B100B2}.Release|x64.ActiveCfg = Release|x64
		{CF40C319-A61F-48A4-AD95-C94FF8B100B2}.Release|x64.Build.0 = Release|x64
		{CF40C319-A61F-48A4-AD95-C94FF8B100B2}.Release|x86.ActiveCfg = Release|Win32
		{CF40C319-A61F-48A4-AD95-C94FF8B100B2}.Release|x86.Build.0 = Release|Win32
		{2DA8A507-7801-4D3E-B4A6-5A3B8EDB9F54}.Debug|x64.ActiveCfg = Debug|x64
		{2DA8A507-7801-4D3E-B4A6-5A3B8EDB9F54}.Debug|x64.Build.0 = Debug|x64
		{2DA8A507-7801-4D3E-B4A6-5A3B8EDB9F54}.Debug|x86.ActiveCfg = Debug|Win32
		{2DA8A507-7801-4D3E-B4A6-5A3B8EDB9F54}.Debug|x86.Build.0 = Debug|Win32
		{2DA8A507-7801-4D3E-B4A6-5A3B8EDB9F54}.Release|x64.ActiveCfg = Release|x64
		{2DA8A507-7801-4D3E-B4A6-5A3B8EDB9F54}.Release|x64.Build.0 = Release|x64
		{2DA8A507-7801-4D3E-B4A6-5A3B8EDB9F54}.Release|x86.ActiveCfg = Release|Win32
		{2DA8A507-7801-4D3E-B4A6-5A3B8EDB9F54}.Release|x86.Build.0 = Release|Win32
		{08B78D41-0FEC-4B1E-82BA-1B0590FB472A}.Debug|x64.ActiveCfg = Debug|x64
		{08B78D41-0FEC-4B1E-82BA-1B0590FB472A}.Debug|x64.Build.0 = Debug|x64
		{08B78D41-0FEC-4B1E-82BA-1B0590FB472A}.Debug|x86.ActiveCfg = Debug|Win32
		{08B78D41-0FEC-4B1E-82BA-1B0590FB472A}.Debug|x86.Build.0 = Debug|Win32
		{08B78D41-0FEC-4B1E-82BA-1B0590FB472A}.Release|x64.ActiveCfg = Release|x64
		{08B78D41-0FEC-4B1E-82BA-1B0590FB472A}.Release|x64.Build.0 = Release|x64
		{08B78D41-0FEC-4B1E-82BA-1B0590FB472A}.Release|x86.ActiveCfg = Release|Win32
		{08B78D41-0FEC-4B1E-82BA-1B0590FB472A}.Release|x86.Build.0 = Release|Win32
		{DBDE961A-62E4-4EE9-A691-FE40620F8063}.Debug|x64.ActiveCfg = Debug|x64
		{DBDE961A-62E4-4EE9-A691-FE40620F8063}.Debug|x64.Build.0 = Debug|x64
		{DBDE961A-62E4-4EE9-A691-FE40620F8063}.Debug|x86.ActiveCfg = Debug|Win32
		{DBDE961A-62E4-4EE9-A691-FE40620F8063}.Debug|x86.Build.0 = Debug|Win32
		{DBDE961A-62E4-4EE9-A691-FE40620F8063}.Release|x64.ActiveCfg = Release|x64
		{DBDE961A-62E4-4EE9-A691-FE40620F8063}.Release|x64.Build.0 = Release|x64
		{DBDE961A-62E4-4EE9-A691-FE40620F8063}.Release|x86.ActiveCfg = Release|Win32
		{DBDE961A-62E4-4EE9-A691-FE40620F8063}.Release|x86.Build.0 = Release|Win32
		{F3F42D50-606C-4188-951D-B4CD54626516}.Debug|x64.ActiveCfg = Debug|x64
		{F3F42D50-606C-4188-951D-B4CD54626516}.Debug|x64.Build.0 = Debug|x64
		{F3F42D50-606C-4188-951D-B4CD54626516}.Debug|x86.ActiveCfg = Debug|Win32
		{F3F42D50-606C-4188-951D-B4CD54626516}.Debug|x86.Build.0 = Debug|Win32
		{F3F42D50-606C-4188-951D-B4CD54626516}.Release|x64.ActiveCfg = Release|x64
		{F3F42D50-606C-4188-951D-B4CD54626516}.Release|x64.Build.0 = Release|x64
		{F3F42D50-606C-4188-951D-B4CD54626516}.Release|x86.ActiveCfg = Release|Win32
		{F3F42D50-606C-4188-951D-B4CD54626516}.Release|x86.Build.0 = Release|Win32
		{9C433E56-500D-4606-8A5F-81999231A4B1}.Debug|x64.ActiveCfg = Debug|x64
		{9C433E56-500D-4606-8A5F-81999231A4B1}.Debug|x64.Build.0 = Debug|x64
		{9C433E56-500D-4606-8A5F-81999231A4B1}.Debug|x86.ActiveCfg = Debug|Win32
		{9C433E56-500D-4606-8A5F-81999231A4B1}.Debug|x86.Build.0 = Debug|Win32
		{9C433E56-500D-4606-8A5F-81999231A4B1}.Release|x64.ActiveCfg = Release|x64
		{9C433E56-500D-4606-8A5F-81999231A4B1}.Release|x64.Build.0 = Release|x64
		{9C433E56-500D-4606-8A5F-81999231A4B1}.Release|x86.ActiveCfg = Release|Win32
		{9C433E56-500D-4606-8A5F-81999231A4B1}.Release|x86.Build.0 = Release|Win32
		{2FE768D3-E579-48EE-8EE6-56A3C0DA71AC}.Debug|x64.ActiveCfg = Debug|x64
		{2FE768D3-E579-48EE-8EE6-56A3C0DA71AC}.Debug|x64.Build.0 = Debug|x64
		{2FE768D3-E579-48EE-8EE6-56A3C0DA71AC}.Debug|x86.ActiveCfg = Debug|Win32
		{2FE768D3-E579-48EE-8EE6-56A3C0DA71AC}.Debug|x86.Build.0 = Debug|Win32
		{2FE768D3-E579-48EE-8EE6-56A3C0DA71AC}.Release|x64.ActiveCfg = Release|x64
		{2FE768D3-E579-48EE-8EE6-56A3C0DA71AC}.Release|x64.Build.0 = Release|x64
		{2FE768D3-E579-48EE-8EE6-56A3C0DA71AC}.Release|x86.ActiveCfg = Release|Win32
		{2FE768D3-E579-48EE-8EE6-56A3C0DA71AC}.Release|x86.Build.0 = Release|Win32
		{3178D48C-CD44-47A8-8135-2666886E1A43}.Debug|x64.ActiveCfg = Debug|x64
		{3178D48C-CD44-47A8-8135-2666886E1A43}.Debug|x64.Build.0 = Debug|x64
		{3178D48C-CD44-47A8-8135-2666886E1A43}.Debug|x86.ActiveCfg = Debug|Win32
		{3178D48C-CD44-47A8-8135-2666886E1A43}.Debug|x86.Build.0 = Debug|Win32
		{3178D48C-CD44-47A8-8135-2666886E1A43}.Release|x64.ActiveCfg = Release|x64
		{3178D48C-CD44-47A8-8135-2666886E1A43}.Release|x64.Build.0 = Release|x64
		{3178D48C-CD44-47A8-8135-2666886E1A43}.Release|x86.ActiveCfg = Release|Win32
		{3178D48C-CD44-47A8-8135-2666886E1A43}.Release|x86.Build.0 = Release|Win32
		{792998BA-113D-4229-A5FA-1501C8D075CB}.Debug|x64.ActiveCfg = Debug|x64
		{792998BA-113D-4229-A5FA-1501C8D075CB}.Debug|x64.Build.0 = Debug|x64
		{792998BA-113D-4229-A5FA-1501C8D075CB}.Debug|x86.ActiveCfg = Debug|Win32
		{792998BA-113D-4229-A5FA-1501C8D075CB}.Debug|x86.Build.0 = Debug|Win32
		{792998BA-113D-4229-A5FA-1501C8D075CB}.Release|x64.ActiveCfg = Release|x64
		{792998BA-113D-4229-A5FA-1501C8D075CB}.Release|x64.Build.0 = Release|x64
		{792998BA-113D-4229-A5FA-1501C8D075CB}.Release|x86.ActiveCfg = Release|Win32
		{792998BA-113D-4229-A5FA-1501C8D075CB}.Release|x86.Build.0 = Release|Win32
		{035C1CDB-ECD8-4596-9C8F-2CCAE0B32805}.Debug|x64.ActiveCfg = Debug|x64
		{035C1CDB-ECD8-4596-9C8F-2CCAE0B32805}.Debug|x64.Build.0 = Debug|x64
		{035C1CDB-ECD8-4596-9C8F-2CCAE0B32805}.Debug|x86.ActiveCfg = Debug|Win32
		{035C1CDB-ECD8-4596-9C8F-2CCAE0B32805}.Debug|x86.Build.0 = Debug|Win32
		{035C1CDB-ECD8-4596-9C8F-2CCAE0B32805}.Release|x64.ActiveCfg = Release|x64
		{035C1CDB-ECD8-4596-9C8F-2CCAE0B32805}.Release|x64.Build.0 = Release|x64
		{035C1CDB-ECD8-4596-9C8F-2CCAE0B32805}.Release|x86.ActiveCfg = Release|Win32
		{035C1CDB-ECD8-4596-9C8F-2CCAE0B32805}.Release|x86.Build.0 = Release|Win32
		{E4F35C18-EC23-43B3-B475-D24F65BD3B7D}.Debug|x64.ActiveCfg = Debug|x64
		{E4F35C18-EC23-43B3-B475-D24F65BD3B7D}.Debug|x64.Build.0 = Debug|x64
		{E4F35C18-EC23-43B3-B475-D24F65BD3B7D}.Debug|x86.ActiveCfg = Debug|Win32
		{E4F35C18-EC23-43B3-B475-D24F65BD3B7D}.Debug|x86.Build.0 = Debug|Win32
		{E4F35C18-EC23-43B3-B475-D24F65BD3B7D}.Release|x64.ActiveCfg = Release|x64
		{E4F35C18-EC23-43B3-B475-D24F65BD3B7D}.Release|x64.Build.0 = Release|x64
		{E4F35C18-EC23-43B3-B475-D24F65BD3B7D}.Release|x86.ActiveCfg = Release|Win32
		{E4F35C18-EC23-43B3-B475-D24F65BD3B7D}.Release|x86.Build.0 = Release|Win32
	EndGlobalSection
	GlobalSection(SolutionProperties) = preSolution
		HideSolutionNode = FALSE
	EndGlobalSection
	GlobalSection(ExtensibilityGlobals) = postSolution
		SolutionGuid = {97194146-7A96-4A8D-9FF1-997D30D497E5}
	EndGlobalSection
EndGlobal
